
Microsoft Visual Studio Solution File, Format Version 12.00
# Visual Studio Version 17
VisualStudioVersion = 17.9.34607.119
MinimumVisualStudioVersion = 10.0.40219.1
Project("{FAE04EC0-301F-11D3-BF4B-00C04F79EFBC}") = "ex03_loops", "ex03_loops\ex03_loops.csproj", "{A6DD3763-AF17-47B8-8C66-B9F91474A494}"
EndProject
Global
	GlobalSection(SolutionConfigurationPlatforms) = preSolution
		Debug|Any CPU = Debug|Any CPU
		Release|Any CPU = Release|Any CPU
	EndGlobalSection
	GlobalSection(ProjectConfigurationPlatforms) = postSolution
		{A6DD3763-AF17-47B8-8C66-B9F91474A494}.Debug|Any CPU.ActiveCfg = Debug|Any CPU
		{A6DD3763-AF17-47B8-8C66-B9F91474A494}.Debug|Any CPU.Build.0 = Debug|Any CPU
		{A6DD3763-AF17-47B8-8C66-B9F91474A494}.Release|Any CPU.ActiveCfg = Release|Any CPU
		{A6DD3763-AF17-47B8-8C66-B9F91474A494}.Release|Any CPU.Build.0 = Release|Any CPU
	EndGlobalSection
	GlobalSection(SolutionProperties) = preSolution
		HideSolutionNode = FALSE
	EndGlobalSection
	GlobalSection(ExtensibilityGlobals) = postSolution
		SolutionGuid = {058BAC52-B2DB-4A94-9459-F27996B96C34}
	EndGlobalSection
EndGlobal
