
Microsoft Visual Studio Solution File, Format Version 12.00
# Visual Studio Version 17
VisualStudioVersion = 17.9.34607.119
MinimumVisualStudioVersion = 10.0.40219.1
Project("{9A19103F-16F7-4668-BE54-9A1E7A4F7556}") = "ex12_lambdas", "ex12_lambdas\ex12_lambdas.csproj", "{3447DA90-53E7-4EB4-9F8D-28217F4F51A6}"
EndProject
Project("{9A19103F-16F7-4668-BE54-9A1E7A4F7556}") = "ex13_linqs", "ex13_linqs\ex13_linqs.csproj", "{66A6E106-B156-45D1-BDA4-255B56D5D371}"
EndProject
Project("{9A19103F-16F7-4668-BE54-9A1E7A4F7556}") = "ex14_attributes", "ex14_attributes\ex14_attributes.csproj", "{707BFDD5-72EC-41D5-9ED3-77A6140C5F5D}"
EndProject
Project("{FAE04EC0-301F-11D3-BF4B-00C04F79EFBC}") = "ex15_pythons", "ex15_pythons\ex15_pythons.csproj", "{FF750DC9-9249-458C-B7ED-A83AF09B76F6}"
EndProject
Project("{FAE04EC0-301F-11D3-BF4B-00C04F79EFBC}") = "ex16_winforms", "ex16_winforms\ex16_winforms.csproj", "{A3A89D7F-B2B6-48A0-A8E8-407C4C8635A8}"
EndProject
Global
	GlobalSection(SolutionConfigurationPlatforms) = preSolution
		Debug|Any CPU = Debug|Any CPU
		Release|Any CPU = Release|Any CPU
	EndGlobalSection
	GlobalSection(ProjectConfigurationPlatforms) = postSolution
		{3447DA90-53E7-4EB4-9F8D-28217F4F51A6}.Debug|Any CPU.ActiveCfg = Debug|Any CPU
		{3447DA90-53E7-4EB4-9F8D-28217F4F51A6}.Debug|Any CPU.Build.0 = Debug|Any CPU
		{3447DA90-53E7-4EB4-9F8D-28217F4F51A6}.Release|Any CPU.ActiveCfg = Release|Any CPU
		{3447DA90-53E7-4EB4-9F8D-28217F4F51A6}.Release|Any CPU.Build.0 = Release|Any CPU
		{66A6E106-B156-45D1-BDA4-255B56D5D371}.Debug|Any CPU.ActiveCfg = Debug|Any CPU
		{66A6E106-B156-45D1-BDA4-255B56D5D371}.Debug|Any CPU.Build.0 = Debug|Any CPU
		{66A6E106-B156-45D1-BDA4-255B56D5D371}.Release|Any CPU.ActiveCfg = Release|Any CPU
		{66A6E106-B156-45D1-BDA4-255B56D5D371}.Release|Any CPU.Build.0 = Release|Any CPU
		{707BFDD5-72EC-41D5-9ED3-77A6140C5F5D}.Debug|Any CPU.ActiveCfg = Debug|Any CPU
		{707BFDD5-72EC-41D5-9ED3-77A6140C5F5D}.Debug|Any CPU.Build.0 = Debug|Any CPU
		{707BFDD5-72EC-41D5-9ED3-77A6140C5F5D}.Release|Any CPU.ActiveCfg = Release|Any CPU
		{707BFDD5-72EC-41D5-9ED3-77A6140C5F5D}.Release|Any CPU.Build.0 = Release|Any CPU
		{FF750DC9-9249-458C-B7ED-A83AF09B76F6}.Debug|Any CPU.ActiveCfg = Debug|Any CPU
		{FF750DC9-9249-458C-B7ED-A83AF09B76F6}.Debug|Any CPU.Build.0 = Debug|Any CPU
		{FF750DC9-9249-458C-B7ED-A83AF09B76F6}.Release|Any CPU.ActiveCfg = Release|Any CPU
		{FF750DC9-9249-458C-B7ED-A83AF09B76F6}.Release|Any CPU.Build.0 = Release|Any CPU
		{A3A89D7F-B2B6-48A0-A8E8-407C4C8635A8}.Debug|Any CPU.ActiveCfg = Debug|Any CPU
		{A3A89D7F-B2B6-48A0-A8E8-407C4C8635A8}.Debug|Any CPU.Build.0 = Debug|Any CPU
		{A3A89D7F-B2B6-48A0-A8E8-407C4C8635A8}.Release|Any CPU.ActiveCfg = Release|Any CPU
		{A3A89D7F-B2B6-48A0-A8E8-407C4C8635A8}.Release|Any CPU.Build.0 = Release|Any CPU
	EndGlobalSection
	GlobalSection(SolutionProperties) = preSolution
		HideSolutionNode = FALSE
	EndGlobalSection
	GlobalSection(ExtensibilityGlobals) = postSolution
		SolutionGuid = {3D09391A-5B8A-435B-8196-020696B0A4B2}
	EndGlobalSection
EndGlobal
