
Microsoft Visual Studio Solution File, Format Version 12.00
# Visual Studio Version 17
VisualStudioVersion = 17.9.34607.119
MinimumVisualStudioVersion = 10.0.40219.1
Project("{FAE04EC0-301F-11D3-BF4B-00C04F79EFBC}") = "ex19_asyncs", "ex19_asyncs\ex19_asyncs.csproj", "{ADDA5F7C-AD18-41BE-8764-5A7435A94F86}"
EndProject
Global
	GlobalSection(SolutionConfigurationPlatforms) = preSolution
		Debug|Any CPU = Debug|Any CPU
		Release|Any CPU = Release|Any CPU
	EndGlobalSection
	GlobalSection(ProjectConfigurationPlatforms) = postSolution
		{ADDA5F7C-AD18-41BE-8764-5A7435A94F86}.Debug|Any CPU.ActiveCfg = Debug|Any CPU
		{ADDA5F7C-AD18-41BE-8764-5A7435A94F86}.Debug|Any CPU.Build.0 = Debug|Any CPU
		{ADDA5F7C-AD18-41BE-8764-5A7435A94F86}.Release|Any CPU.ActiveCfg = Release|Any CPU
		{ADDA5F7C-AD18-41BE-8764-5A7435A94F86}.Release|Any CPU.Build.0 = Release|Any CPU
	EndGlobalSection
	GlobalSection(SolutionProperties) = preSolution
		HideSolutionNode = FALSE
	EndGlobalSection
	GlobalSection(ExtensibilityGlobals) = postSolution
		SolutionGuid = {445119C1-2BBD-4C92-9C2C-7321074EC94C}
	EndGlobalSection
EndGlobal
